// !$*UTF8*$!
{
	archiveVersion = 1;
	classes = {
	};
	objectVersion = 46;
	objects = {

/* Begin PBXBuildFile section */
		9B0648761ACEBD9500D8F485 /* AppDelegate.swift in Sources */ = {isa = PBXBuildFile; fileRef = 9B0648751ACEBD9500D8F485 /* AppDelegate.swift */; };
		9B0648781ACEBD9500D8F485 /* ViewController.swift in Sources */ = {isa = PBXBuildFile; fileRef = 9B0648771ACEBD9500D8F485 /* ViewController.swift */; };
		9B06487B1ACEBD9500D8F485 /* Main.storyboard in Resources */ = {isa = PBXBuildFile; fileRef = 9B0648791ACEBD9500D8F485 /* Main.storyboard */; };
		9B06487D1ACEBD9500D8F485 /* Images.xcassets in Resources */ = {isa = PBXBuildFile; fileRef = 9B06487C1ACEBD9500D8F485 /* Images.xcassets */; };
		9B0648801ACEBD9500D8F485 /* LaunchScreen.xib in Resources */ = {isa = PBXBuildFile; fileRef = 9B06487E1ACEBD9500D8F485 /* LaunchScreen.xib */; };
		9B06488C1ACEBD9500D8F485 /* outloudTests.swift in Sources */ = {isa = PBXBuildFile; fileRef = 9B06488B1ACEBD9500D8F485 /* outloudTests.swift */; };
		9B1A2F851B1A5B0C00A42700 /* CustomDeleteButton.swift in Sources */ = {isa = PBXBuildFile; fileRef = 9B1A2F841B1A5B0C00A42700 /* CustomDeleteButton.swift */; };
		9B30F34E1B1E5D5900CF574B /* visualizer.swift in Sources */ = {isa = PBXBuildFile; fileRef = 9B30F34D1B1E5D5900CF574B /* visualizer.swift */; };
		9B632E411AFA35B1008F668A /* CustomButton.swift in Sources */ = {isa = PBXBuildFile; fileRef = 9B632E401AFA35B1008F668A /* CustomButton.swift */; };
		9B750D5B1AF24B3400B35210 /* RecordedAudio.swift in Sources */ = {isa = PBXBuildFile; fileRef = 9B750D5A1AF24B3400B35210 /* RecordedAudio.swift */; };
		9BB62C601AF0EE2B00480093 /* PublishViewController.swift in Sources */ = {isa = PBXBuildFile; fileRef = 9BB62C5F1AF0EE2B00480093 /* PublishViewController.swift */; };
		9BD00E2F1B10B49400B94607 /* ListenViewController.swift in Sources */ = {isa = PBXBuildFile; fileRef = 9BD00E2E1B10B49400B94607 /* ListenViewController.swift */; };
		9BD29E711AF78EEA0093325B /* AFHTTPRequestOperation.m in Sources */ = {isa = PBXBuildFile; fileRef = 9BD29E5F1AF78EEA0093325B /* AFHTTPRequestOperation.m */; };
		9BD29E721AF78EEA0093325B /* AFHTTPRequestOperationManager.m in Sources */ = {isa = PBXBuildFile; fileRef = 9BD29E611AF78EEA0093325B /* AFHTTPRequestOperationManager.m */; };
		9BD29E731AF78EEA0093325B /* AFHTTPSessionManager.m in Sources */ = {isa = PBXBuildFile; fileRef = 9BD29E631AF78EEA0093325B /* AFHTTPSessionManager.m */; };
		9BD29E741AF78EEA0093325B /* AFNetworkReachabilityManager.m in Sources */ = {isa = PBXBuildFile; fileRef = 9BD29E661AF78EEA0093325B /* AFNetworkReachabilityManager.m */; };
		9BD29E751AF78EEA0093325B /* AFSecurityPolicy.m in Sources */ = {isa = PBXBuildFile; fileRef = 9BD29E681AF78EEA0093325B /* AFSecurityPolicy.m */; };
		9BD29E761AF78EEA0093325B /* AFURLConnectionOperation.m in Sources */ = {isa = PBXBuildFile; fileRef = 9BD29E6A1AF78EEA0093325B /* AFURLConnectionOperation.m */; };
		9BD29E771AF78EEA0093325B /* AFURLRequestSerialization.m in Sources */ = {isa = PBXBuildFile; fileRef = 9BD29E6C1AF78EEA0093325B /* AFURLRequestSerialization.m */; };
		9BD29E781AF78EEA0093325B /* AFURLResponseSerialization.m in Sources */ = {isa = PBXBuildFile; fileRef = 9BD29E6E1AF78EEA0093325B /* AFURLResponseSerialization.m */; };
		9BD29E791AF78EEA0093325B /* AFURLSessionManager.m in Sources */ = {isa = PBXBuildFile; fileRef = 9BD29E701AF78EEA0093325B /* AFURLSessionManager.m */; };
/* End PBXBuildFile section */

/* Begin PBXContainerItemProxy section */
		9B0648861ACEBD9500D8F485 /* PBXContainerItemProxy */ = {
			isa = PBXContainerItemProxy;
			containerPortal = 9B0648681ACEBD9500D8F485 /* Project object */;
			proxyType = 1;
			remoteGlobalIDString = 9B06486F1ACEBD9500D8F485;
			remoteInfo = outloud;
		};
/* End PBXContainerItemProxy section */

/* Begin PBXFileReference section */
		9B0648701ACEBD9500D8F485 /* outloud.app */ = {isa = PBXFileReference; explicitFileType = wrapper.application; includeInIndex = 0; path = outloud.app; sourceTree = BUILT_PRODUCTS_DIR; };
		9B0648741ACEBD9500D8F485 /* Info.plist */ = {isa = PBXFileReference; lastKnownFileType = text.plist.xml; path = Info.plist; sourceTree = "<group>"; };
		9B0648751ACEBD9500D8F485 /* AppDelegate.swift */ = {isa = PBXFileReference; lastKnownFileType = sourcecode.swift; path = AppDelegate.swift; sourceTree = "<group>"; };
		9B0648771ACEBD9500D8F485 /* ViewController.swift */ = {isa = PBXFileReference; lastKnownFileType = sourcecode.swift; path = ViewController.swift; sourceTree = "<group>"; };
		9B06487A1ACEBD9500D8F485 /* Base */ = {isa = PBXFileReference; lastKnownFileType = file.storyboard; name = Base; path = Base.lproj/Main.storyboard; sourceTree = "<group>"; };
		9B06487C1ACEBD9500D8F485 /* Images.xcassets */ = {isa = PBXFileReference; lastKnownFileType = folder.assetcatalog; path = Images.xcassets; sourceTree = "<group>"; };
		9B06487F1ACEBD9500D8F485 /* Base */ = {isa = PBXFileReference; lastKnownFileType = file.xib; name = Base; path = Base.lproj/LaunchScreen.xib; sourceTree = "<group>"; };
		9B0648851ACEBD9500D8F485 /* outloudTests.xctest */ = {isa = PBXFileReference; explicitFileType = wrapper.cfbundle; includeInIndex = 0; path = outloudTests.xctest; sourceTree = BUILT_PRODUCTS_DIR; };
		9B06488A1ACEBD9500D8F485 /* Info.plist */ = {isa = PBXFileReference; lastKnownFileType = text.plist.xml; path = Info.plist; sourceTree = "<group>"; };
		9B06488B1ACEBD9500D8F485 /* outloudTests.swift */ = {isa = PBXFileReference; lastKnownFileType = sourcecode.swift; path = outloudTests.swift; sourceTree = "<group>"; };
		9B1A2F841B1A5B0C00A42700 /* CustomDeleteButton.swift */ = {isa = PBXFileReference; fileEncoding = 4; lastKnownFileType = sourcecode.swift; name = CustomDeleteButton.swift; path = outloud/CustomDeleteButton.swift; sourceTree = "<group>"; };
		9B30F34D1B1E5D5900CF574B /* visualizer.swift */ = {isa = PBXFileReference; fileEncoding = 4; lastKnownFileType = sourcecode.swift; path = visualizer.swift; sourceTree = "<group>"; };
		9B632E401AFA35B1008F668A /* CustomButton.swift */ = {isa = PBXFileReference; fileEncoding = 4; lastKnownFileType = sourcecode.swift; name = CustomButton.swift; path = outloud/CustomButton.swift; sourceTree = "<group>"; };
		9B750D5A1AF24B3400B35210 /* RecordedAudio.swift */ = {isa = PBXFileReference; fileEncoding = 4; lastKnownFileType = sourcecode.swift; path = RecordedAudio.swift; sourceTree = "<group>"; };
		9BB62C5F1AF0EE2B00480093 /* PublishViewController.swift */ = {isa = PBXFileReference; fileEncoding = 4; lastKnownFileType = sourcecode.swift; path = PublishViewController.swift; sourceTree = "<group>"; };
		9BD00E2E1B10B49400B94607 /* ListenViewController.swift */ = {isa = PBXFileReference; fileEncoding = 4; lastKnownFileType = sourcecode.swift; path = ListenViewController.swift; sourceTree = "<group>"; };
		9BD29E5E1AF78EEA0093325B /* AFHTTPRequestOperation.h */ = {isa = PBXFileReference; fileEncoding = 4; lastKnownFileType = sourcecode.c.h; path = AFHTTPRequestOperation.h; sourceTree = "<group>"; };
		9BD29E5F1AF78EEA0093325B /* AFHTTPRequestOperation.m */ = {isa = PBXFileReference; fileEncoding = 4; lastKnownFileType = sourcecode.c.objc; path = AFHTTPRequestOperation.m; sourceTree = "<group>"; };
		9BD29E601AF78EEA0093325B /* AFHTTPRequestOperationManager.h */ = {isa = PBXFileReference; fileEncoding = 4; lastKnownFileType = sourcecode.c.h; path = AFHTTPRequestOperationManager.h; sourceTree = "<group>"; };
		9BD29E611AF78EEA0093325B /* AFHTTPRequestOperationManager.m */ = {isa = PBXFileReference; fileEncoding = 4; lastKnownFileType = sourcecode.c.objc; path = AFHTTPRequestOperationManager.m; sourceTree = "<group>"; };
		9BD29E621AF78EEA0093325B /* AFHTTPSessionManager.h */ = {isa = PBXFileReference; fileEncoding = 4; lastKnownFileType = sourcecode.c.h; path = AFHTTPSessionManager.h; sourceTree = "<group>"; };
		9BD29E631AF78EEA0093325B /* AFHTTPSessionManager.m */ = {isa = PBXFileReference; fileEncoding = 4; lastKnownFileType = sourcecode.c.objc; path = AFHTTPSessionManager.m; sourceTree = "<group>"; };
		9BD29E641AF78EEA0093325B /* AFNetworking.h */ = {isa = PBXFileReference; fileEncoding = 4; lastKnownFileType = sourcecode.c.h; path = AFNetworking.h; sourceTree = "<group>"; };
		9BD29E651AF78EEA0093325B /* AFNetworkReachabilityManager.h */ = {isa = PBXFileReference; fileEncoding = 4; lastKnownFileType = sourcecode.c.h; path = AFNetworkReachabilityManager.h; sourceTree = "<group>"; };
		9BD29E661AF78EEA0093325B /* AFNetworkReachabilityManager.m */ = {isa = PBXFileReference; fileEncoding = 4; lastKnownFileType = sourcecode.c.objc; path = AFNetworkReachabilityManager.m; sourceTree = "<group>"; };
		9BD29E671AF78EEA0093325B /* AFSecurityPolicy.h */ = {isa = PBXFileReference; fileEncoding = 4; lastKnownFileType = sourcecode.c.h; path = AFSecurityPolicy.h; sourceTree = "<group>"; };
		9BD29E681AF78EEA0093325B /* AFSecurityPolicy.m */ = {isa = PBXFileReference; fileEncoding = 4; lastKnownFileType = sourcecode.c.objc; path = AFSecurityPolicy.m; sourceTree = "<group>"; };
		9BD29E691AF78EEA0093325B /* AFURLConnectionOperation.h */ = {isa = PBXFileReference; fileEncoding = 4; lastKnownFileType = sourcecode.c.h; path = AFURLConnectionOperation.h; sourceTree = "<group>"; };
		9BD29E6A1AF78EEA0093325B /* AFURLConnectionOperation.m */ = {isa = PBXFileReference; fileEncoding = 4; lastKnownFileType = sourcecode.c.objc; path = AFURLConnectionOperation.m; sourceTree = "<group>"; };
		9BD29E6B1AF78EEA0093325B /* AFURLRequestSerialization.h */ = {isa = PBXFileReference; fileEncoding = 4; lastKnownFileType = sourcecode.c.h; path = AFURLRequestSerialization.h; sourceTree = "<group>"; };
		9BD29E6C1AF78EEA0093325B /* AFURLRequestSerialization.m */ = {isa = PBXFileReference; fileEncoding = 4; lastKnownFileType = sourcecode.c.objc; path = AFURLRequestSerialization.m; sourceTree = "<group>"; };
		9BD29E6D1AF78EEA0093325B /* AFURLResponseSerialization.h */ = {isa = PBXFileReference; fileEncoding = 4; lastKnownFileType = sourcecode.c.h; path = AFURLResponseSerialization.h; sourceTree = "<group>"; };
		9BD29E6E1AF78EEA0093325B /* AFURLResponseSerialization.m */ = {isa = PBXFileReference; fileEncoding = 4; lastKnownFileType = sourcecode.c.objc; path = AFURLResponseSerialization.m; sourceTree = "<group>"; };
		9BD29E6F1AF78EEA0093325B /* AFURLSessionManager.h */ = {isa = PBXFileReference; fileEncoding = 4; lastKnownFileType = sourcecode.c.h; path = AFURLSessionManager.h; sourceTree = "<group>"; };
		9BD29E701AF78EEA0093325B /* AFURLSessionManager.m */ = {isa = PBXFileReference; fileEncoding = 4; lastKnownFileType = sourcecode.c.objc; path = AFURLSessionManager.m; sourceTree = "<group>"; };
		9BD29E7A1AF78FD60093325B /* bridge.h */ = {isa = PBXFileReference; fileEncoding = 4; lastKnownFileType = sourcecode.c.h; path = bridge.h; sourceTree = "<group>"; };
/* End PBXFileReference section */

/* Begin PBXFrameworksBuildPhase section */
		9B06486D1ACEBD9500D8F485 /* Frameworks */ = {
			isa = PBXFrameworksBuildPhase;
			buildActionMask = 2147483647;
			files = (
			);
			runOnlyForDeploymentPostprocessing = 0;
		};
		9B0648821ACEBD9500D8F485 /* Frameworks */ = {
			isa = PBXFrameworksBuildPhase;
			buildActionMask = 2147483647;
			files = (
			);
			runOnlyForDeploymentPostprocessing = 0;
		};
/* End PBXFrameworksBuildPhase section */

/* Begin PBXGroup section */
		9B0648671ACEBD9500D8F485 = {
			isa = PBXGroup;
			children = (
				9B1A2F841B1A5B0C00A42700 /* CustomDeleteButton.swift */,
				9B632E401AFA35B1008F668A /* CustomButton.swift */,
				9BD29E7A1AF78FD60093325B /* bridge.h */,
				9BD29E5D1AF78EEA0093325B /* AFNetworking */,
				9B0648721ACEBD9500D8F485 /* outloud */,
				9B0648881ACEBD9500D8F485 /* outloudTests */,
				9B0648711ACEBD9500D8F485 /* Products */,
			);
			sourceTree = "<group>";
		};
		9B0648711ACEBD9500D8F485 /* Products */ = {
			isa = PBXGroup;
			children = (
				9B0648701ACEBD9500D8F485 /* outloud.app */,
				9B0648851ACEBD9500D8F485 /* outloudTests.xctest */,
			);
			name = Products;
			sourceTree = "<group>";
		};
		9B0648721ACEBD9500D8F485 /* outloud */ = {
			isa = PBXGroup;
			children = (
				9B750D5A1AF24B3400B35210 /* RecordedAudio.swift */,
				9B0648751ACEBD9500D8F485 /* AppDelegate.swift */,
				9B0648771ACEBD9500D8F485 /* ViewController.swift */,
				9B0648791ACEBD9500D8F485 /* Main.storyboard */,
				9BB62C5F1AF0EE2B00480093 /* PublishViewController.swift */,
				9B06487C1ACEBD9500D8F485 /* Images.xcassets */,
				9B06487E1ACEBD9500D8F485 /* LaunchScreen.xib */,
				9B0648731ACEBD9500D8F485 /* Supporting Files */,
				9BD00E2E1B10B49400B94607 /* ListenViewController.swift */,
				9B30F34D1B1E5D5900CF574B /* visualizer.swift */,
			);
			path = outloud;
			sourceTree = "<group>";
		};
		9B0648731ACEBD9500D8F485 /* Supporting Files */ = {
			isa = PBXGroup;
			children = (
				9B0648741ACEBD9500D8F485 /* Info.plist */,
			);
			name = "Supporting Files";
			sourceTree = "<group>";
		};
		9B0648881ACEBD9500D8F485 /* outloudTests */ = {
			isa = PBXGroup;
			children = (
				9B06488B1ACEBD9500D8F485 /* outloudTests.swift */,
				9B0648891ACEBD9500D8F485 /* Supporting Files */,
			);
			path = outloudTests;
			sourceTree = "<group>";
		};
		9B0648891ACEBD9500D8F485 /* Supporting Files */ = {
			isa = PBXGroup;
			children = (
				9B06488A1ACEBD9500D8F485 /* Info.plist */,
			);
			name = "Supporting Files";
			sourceTree = "<group>";
		};
		9BD29E5D1AF78EEA0093325B /* AFNetworking */ = {
			isa = PBXGroup;
			children = (
				9BD29E5E1AF78EEA0093325B /* AFHTTPRequestOperation.h */,
				9BD29E5F1AF78EEA0093325B /* AFHTTPRequestOperation.m */,
				9BD29E601AF78EEA0093325B /* AFHTTPRequestOperationManager.h */,
				9BD29E611AF78EEA0093325B /* AFHTTPRequestOperationManager.m */,
				9BD29E621AF78EEA0093325B /* AFHTTPSessionManager.h */,
				9BD29E631AF78EEA0093325B /* AFHTTPSessionManager.m */,
				9BD29E641AF78EEA0093325B /* AFNetworking.h */,
				9BD29E651AF78EEA0093325B /* AFNetworkReachabilityManager.h */,
				9BD29E661AF78EEA0093325B /* AFNetworkReachabilityManager.m */,
				9BD29E671AF78EEA0093325B /* AFSecurityPolicy.h */,
				9BD29E681AF78EEA0093325B /* AFSecurityPolicy.m */,
				9BD29E691AF78EEA0093325B /* AFURLConnectionOperation.h */,
				9BD29E6A1AF78EEA0093325B /* AFURLConnectionOperation.m */,
				9BD29E6B1AF78EEA0093325B /* AFURLRequestSerialization.h */,
				9BD29E6C1AF78EEA0093325B /* AFURLRequestSerialization.m */,
				9BD29E6D1AF78EEA0093325B /* AFURLResponseSerialization.h */,
				9BD29E6E1AF78EEA0093325B /* AFURLResponseSerialization.m */,
				9BD29E6F1AF78EEA0093325B /* AFURLSessionManager.h */,
				9BD29E701AF78EEA0093325B /* AFURLSessionManager.m */,
			);
			path = AFNetworking;
			sourceTree = "<group>";
		};
/* End PBXGroup section */

/* Begin PBXNativeTarget section */
		9B06486F1ACEBD9500D8F485 /* outloud */ = {
			isa = PBXNativeTarget;
			buildConfigurationList = 9B06488F1ACEBD9500D8F485 /* Build configuration list for PBXNativeTarget "outloud" */;
			buildPhases = (
				9B06486C1ACEBD9500D8F485 /* Sources */,
				9B06486D1ACEBD9500D8F485 /* Frameworks */,
				9B06486E1ACEBD9500D8F485 /* Resources */,
			);
			buildRules = (
			);
			dependencies = (
			);
			name = outloud;
			productName = outloud;
			productReference = 9B0648701ACEBD9500D8F485 /* outloud.app */;
			productType = "com.apple.product-type.application";
		};
		9B0648841ACEBD9500D8F485 /* outloudTests */ = {
			isa = PBXNativeTarget;
			buildConfigurationList = 9B0648921ACEBD9500D8F485 /* Build configuration list for PBXNativeTarget "outloudTests" */;
			buildPhases = (
				9B0648811ACEBD9500D8F485 /* Sources */,
				9B0648821ACEBD9500D8F485 /* Frameworks */,
				9B0648831ACEBD9500D8F485 /* Resources */,
			);
			buildRules = (
			);
			dependencies = (
				9B0648871ACEBD9500D8F485 /* PBXTargetDependency */,
			);
			name = outloudTests;
			productName = outloudTests;
			productReference = 9B0648851ACEBD9500D8F485 /* outloudTests.xctest */;
			productType = "com.apple.product-type.bundle.unit-test";
		};
/* End PBXNativeTarget section */

/* Begin PBXProject section */
		9B0648681ACEBD9500D8F485 /* Project object */ = {
			isa = PBXProject;
			attributes = {
				LastUpgradeCheck = 0620;
				ORGANIZATIONNAME = "Ann Yuan";
				TargetAttributes = {
					9B06486F1ACEBD9500D8F485 = {
						CreatedOnToolsVersion = 6.2;
					};
					9B0648841ACEBD9500D8F485 = {
						CreatedOnToolsVersion = 6.2;
						TestTargetID = 9B06486F1ACEBD9500D8F485;
					};
				};
			};
			buildConfigurationList = 9B06486B1ACEBD9500D8F485 /* Build configuration list for PBXProject "outloud" */;
			compatibilityVersion = "Xcode 3.2";
			developmentRegion = English;
			hasScannedForEncodings = 0;
			knownRegions = (
				en,
				Base,
			);
			mainGroup = 9B0648671ACEBD9500D8F485;
			productRefGroup = 9B0648711ACEBD9500D8F485 /* Products */;
			projectDirPath = "";
			projectRoot = "";
			targets = (
				9B06486F1ACEBD9500D8F485 /* outloud */,
				9B0648841ACEBD9500D8F485 /* outloudTests */,
			);
		};
/* End PBXProject section */

/* Begin PBXResourcesBuildPhase section */
		9B06486E1ACEBD9500D8F485 /* Resources */ = {
			isa = PBXResourcesBuildPhase;
			buildActionMask = 2147483647;
			files = (
				9B06487B1ACEBD9500D8F485 /* Main.storyboard in Resources */,
				9B0648801ACEBD9500D8F485 /* LaunchScreen.xib in Resources */,
				9B06487D1ACEBD9500D8F485 /* Images.xcassets in Resources */,
			);
			runOnlyForDeploymentPostprocessing = 0;
		};
		9B0648831ACEBD9500D8F485 /* Resources */ = {
			isa = PBXResourcesBuildPhase;
			buildActionMask = 2147483647;
			files = (
			);
			runOnlyForDeploymentPostprocessing = 0;
		};
/* End PBXResourcesBuildPhase section */

/* Begin PBXSourcesBuildPhase section */
		9B06486C1ACEBD9500D8F485 /* Sources */ = {
			isa = PBXSourcesBuildPhase;
			buildActionMask = 2147483647;
			files = (
				9B750D5B1AF24B3400B35210 /* RecordedAudio.swift in Sources */,
				9BD29E751AF78EEA0093325B /* AFSecurityPolicy.m in Sources */,
				9B0648781ACEBD9500D8F485 /* ViewController.swift in Sources */,
				9BD29E721AF78EEA0093325B /* AFHTTPRequestOperationManager.m in Sources */,
				9B632E411AFA35B1008F668A /* CustomButton.swift in Sources */,
				9BD29E761AF78EEA0093325B /* AFURLConnectionOperation.m in Sources */,
				9BD29E711AF78EEA0093325B /* AFHTTPRequestOperation.m in Sources */,
				9B30F34E1B1E5D5900CF574B /* visualizer.swift in Sources */,
				9B0648761ACEBD9500D8F485 /* AppDelegate.swift in Sources */,
				9BD00E2F1B10B49400B94607 /* ListenViewController.swift in Sources */,
				9BD29E771AF78EEA0093325B /* AFURLRequestSerialization.m in Sources */,
				9BD29E731AF78EEA0093325B /* AFHTTPSessionManager.m in Sources */,
				9BD29E741AF78EEA0093325B /* AFNetworkReachabilityManager.m in Sources */,
				9BD29E781AF78EEA0093325B /* AFURLResponseSerialization.m in Sources */,
				9B1A2F851B1A5B0C00A42700 /* CustomDeleteButton.swift in Sources */,
				9BD29E791AF78EEA0093325B /* AFURLSessionManager.m in Sources */,
				9BB62C601AF0EE2B00480093 /* PublishViewController.swift in Sources */,
			);
			runOnlyForDeploymentPostprocessing = 0;
		};
		9B0648811ACEBD9500D8F485 /* Sources */ = {
			isa = PBXSourcesBuildPhase;
			buildActionMask = 2147483647;
			files = (
				9B06488C1ACEBD9500D8F485 /* outloudTests.swift in Sources */,
			);
			runOnlyForDeploymentPostprocessing = 0;
		};
/* End PBXSourcesBuildPhase section */

/* Begin PBXTargetDependency section */
		9B0648871ACEBD9500D8F485 /* PBXTargetDependency */ = {
			isa = PBXTargetDependency;
			target = 9B06486F1ACEBD9500D8F485 /* outloud */;
			targetProxy = 9B0648861ACEBD9500D8F485 /* PBXContainerItemProxy */;
		};
/* End PBXTargetDependency section */

/* Begin PBXVariantGroup section */
		9B0648791ACEBD9500D8F485 /* Main.storyboard */ = {
			isa = PBXVariantGroup;
			children = (
				9B06487A1ACEBD9500D8F485 /* Base */,
			);
			name = Main.storyboard;
			sourceTree = "<group>";
		};
		9B06487E1ACEBD9500D8F485 /* LaunchScreen.xib */ = {
			isa = PBXVariantGroup;
			children = (
				9B06487F1ACEBD9500D8F485 /* Base */,
			);
			name = LaunchScreen.xib;
			sourceTree = "<group>";
		};
/* End PBXVariantGroup section */

/* Begin XCBuildConfiguration section */
		9B06488D1ACEBD9500D8F485 /* Debug */ = {
			isa = XCBuildConfiguration;
			buildSettings = {
				ALWAYS_SEARCH_USER_PATHS = NO;
				CLANG_CXX_LANGUAGE_STANDARD = "gnu++0x";
				CLANG_CXX_LIBRARY = "libc++";
				CLANG_ENABLE_MODULES = YES;
				CLANG_ENABLE_OBJC_ARC = YES;
				CLANG_WARN_BOOL_CONVERSION = YES;
				CLANG_WARN_CONSTANT_CONVERSION = YES;
				CLANG_WARN_DIRECT_OBJC_ISA_USAGE = YES_ERROR;
				CLANG_WARN_EMPTY_BODY = YES;
				CLANG_WARN_ENUM_CONVERSION = YES;
				CLANG_WARN_INT_CONVERSION = YES;
				CLANG_WARN_OBJC_ROOT_CLASS = YES_ERROR;
				CLANG_WARN_UNREACHABLE_CODE = YES;
				CLANG_WARN__DUPLICATE_METHOD_MATCH = YES;
				"CODE_SIGN_IDENTITY[sdk=iphoneos*]" = "iPhone Developer";
				COPY_PHASE_STRIP = NO;
				ENABLE_STRICT_OBJC_MSGSEND = YES;
				GCC_C_LANGUAGE_STANDARD = gnu99;
				GCC_DYNAMIC_NO_PIC = NO;
				GCC_OPTIMIZATION_LEVEL = 0;
				GCC_PREPROCESSOR_DEFINITIONS = (
					"DEBUG=1",
					"$(inherited)",
				);
				GCC_SYMBOLS_PRIVATE_EXTERN = NO;
				GCC_WARN_64_TO_32_BIT_CONVERSION = YES;
				GCC_WARN_ABOUT_RETURN_TYPE = YES_ERROR;
				GCC_WARN_UNDECLARED_SELECTOR = YES;
				GCC_WARN_UNINITIALIZED_AUTOS = YES_AGGRESSIVE;
				GCC_WARN_UNUSED_FUNCTION = YES;
				GCC_WARN_UNUSED_VARIABLE = YES;
				IPHONEOS_DEPLOYMENT_TARGET = 8.2;
				MTL_ENABLE_DEBUG_INFO = YES;
				ONLY_ACTIVE_ARCH = YES;
				SDKROOT = iphoneos;
				SWIFT_OPTIMIZATION_LEVEL = "-Onone";
				TARGETED_DEVICE_FAMILY = "1,2";
			};
			name = Debug;
		};
		9B06488E1ACEBD9500D8F485 /* Release */ = {
			isa = XCBuildConfiguration;
			buildSettings = {
				ALWAYS_SEARCH_USER_PATHS = NO;
				CLANG_CXX_LANGUAGE_STANDARD = "gnu++0x";
				CLANG_CXX_LIBRARY = "libc++";
				CLANG_ENABLE_MODULES = YES;
				CLANG_ENABLE_OBJC_ARC = YES;
				CLANG_WARN_BOOL_CONVERSION = YES;
				CLANG_WARN_CONSTANT_CONVERSION = YES;
				CLANG_WARN_DIRECT_OBJC_ISA_USAGE = YES_ERROR;
				CLANG_WARN_EMPTY_BODY = YES;
				CLANG_WARN_ENUM_CONVERSION = YES;
				CLANG_WARN_INT_CONVERSION = YES;
				CLANG_WARN_OBJC_ROOT_CLASS = YES_ERROR;
				CLANG_WARN_UNREACHABLE_CODE = YES;
				CLANG_WARN__DUPLICATE_METHOD_MATCH = YES;
				"CODE_SIGN_IDENTITY[sdk=iphoneos*]" = "iPhone Developer";
				COPY_PHASE_STRIP = NO;
				ENABLE_NS_ASSERTIONS = NO;
				ENABLE_STRICT_OBJC_MSGSEND = YES;
				GCC_C_LANGUAGE_STANDARD = gnu99;
				GCC_WARN_64_TO_32_BIT_CONVERSION = YES;
				GCC_WARN_ABOUT_RETURN_TYPE = YES_ERROR;
				GCC_WARN_UNDECLARED_SELECTOR = YES;
				GCC_WARN_UNINITIALIZED_AUTOS = YES_AGGRESSIVE;
				GCC_WARN_UNUSED_FUNCTION = YES;
				GCC_WARN_UNUSED_VARIABLE = YES;
				IPHONEOS_DEPLOYMENT_TARGET = 8.2;
				MTL_ENABLE_DEBUG_INFO = NO;
				SDKROOT = iphoneos;
				TARGETED_DEVICE_FAMILY = "1,2";
				VALIDATE_PRODUCT = YES;
			};
			name = Release;
		};
		9B0648901ACEBD9500D8F485 /* Debug */ = {
			isa = XCBuildConfiguration;
			buildSettings = {
				ASSETCATALOG_COMPILER_APPICON_NAME = AppIcon;
				DEFINES_MODULE = YES;
				INFOPLIST_FILE = outloud/Info.plist;
				LD_RUNPATH_SEARCH_PATHS = "$(inherited) @executable_path/Frameworks";
				PRODUCT_NAME = "$(TARGET_NAME)";
				SWIFT_OBJC_BRIDGING_HEADER = bridge.h;
			};
			name = Debug;
		};
		9B0648911ACEBD9500D8F485 /* Release */ = {
			isa = XCBuildConfiguration;
			buildSettings = {
				ASSETCATALOG_COMPILER_APPICON_NAME = AppIcon;
				DEFINES_MODULE = YES;
				INFOPLIST_FILE = outloud/Info.plist;
				LD_RUNPATH_SEARCH_PATHS = "$(inherited) @executable_path/Frameworks";
				PRODUCT_NAME = "$(TARGET_NAME)";
				SWIFT_OBJC_BRIDGING_HEADER = bridge.h;
			};
			name = Release;
		};
		9B0648931ACEBD9500D8F485 /* Debug */ = {
			isa = XCBuildConfiguration;
			buildSettings = {
				BUNDLE_LOADER = "$(TEST_HOST)";
				FRAMEWORK_SEARCH_PATHS = (
					"$(SDKROOT)/Developer/Library/Frameworks",
					"$(inherited)",
				);
				GCC_PREPROCESSOR_DEFINITIONS = (
					"DEBUG=1",
					"$(inherited)",
				);
				INFOPLIST_FILE = outloudTests/Info.plist;
				LD_RUNPATH_SEARCH_PATHS = "$(inherited) @executable_path/Frameworks @loader_path/Frameworks";
				PRODUCT_NAME = "$(TARGET_NAME)";
				TEST_HOST = "$(BUILT_PRODUCTS_DIR)/outloud.app/outloud";
			};
			name = Debug;
		};
		9B0648941ACEBD9500D8F485 /* Release */ = {
			isa = XCBuildConfiguration;
			buildSettings = {
				BUNDLE_LOADER = "$(TEST_HOST)";
				FRAMEWORK_SEARCH_PATHS = (
					"$(SDKROOT)/Developer/Library/Frameworks",
					"$(inherited)",
				);
				INFOPLIST_FILE = outloudTests/Info.plist;
				LD_RUNPATH_SEARCH_PATHS = "$(inherited) @executable_path/Frameworks @loader_path/Frameworks";
				PRODUCT_NAME = "$(TARGET_NAME)";
				TEST_HOST = "$(BUILT_PRODUCTS_DIR)/outloud.app/outloud";
			};
			name = Release;
		};
/* End XCBuildConfiguration section */

/* Begin XCConfigurationList section */
		9B06486B1ACEBD9500D8F485 /* Build configuration list for PBXProject "outloud" */ = {
			isa = XCConfigurationList;
			buildConfigurations = (
				9B06488D1ACEBD9500D8F485 /* Debug */,
				9B06488E1ACEBD9500D8F485 /* Release */,
			);
			defaultConfigurationIsVisible = 0;
			defaultConfigurationName = Release;
		};
		9B06488F1ACEBD9500D8F485 /* Build configuration list for PBXNativeTarget "outloud" */ = {
			isa = XCConfigurationList;
			buildConfigurations = (
				9B0648901ACEBD9500D8F485 /* Debug */,
				9B0648911ACEBD9500D8F485 /* Release */,
			);
			defaultConfigurationIsVisible = 0;
			defaultConfigurationName = Release;
		};
		9B0648921ACEBD9500D8F485 /* Build configuration list for PBXNativeTarget "outloudTests" */ = {
			isa = XCConfigurationList;
			buildConfigurations = (
				9B0648931ACEBD9500D8F485 /* Debug */,
				9B0648941ACEBD9500D8F485 /* Release */,
			);
			defaultConfigurationIsVisible = 0;
			defaultConfigurationName = Release;
		};
/* End XCConfigurationList section */
	};
	rootObject = 9B0648681ACEBD9500D8F485 /* Project object */;
}
